
Microsoft Visual Studio Solution File, Format Version 12.00
# Visual Studio Version 17
VisualStudioVersion = 17.4.33213.308
MinimumVisualStudioVersion = 10.0.40219.1
Project("{FAE04EC0-301F-11D3-BF4B-00C04F79EFBC}") = "Zip2SD", "Zip2SD.csproj", "{D8FB15F4-6771-4BB3-85CC-306EC173CD62}"
EndProject
Global
	GlobalSection(SolutionConfigurationPlatforms) = preSolution
		Debug|Any CPU = Debug|Any CPU
		Release|Any CPU = Release|Any CPU
	EndGlobalSection
	GlobalSection(ProjectConfigurationPlatforms) = postSolution
		{D8FB15F4-6771-4BB3-85CC-306EC173CD62}.Debug|Any CPU.ActiveCfg = Debug|Any CPU
		{D8FB15F4-6771-4BB3-85CC-306EC173CD62}.Debug|Any CPU.Build.0 = Debug|Any CPU
		{D8FB15F4-6771-4BB3-85CC-306EC173CD62}.Release|Any CPU.ActiveCfg = Release|Any CPU
		{D8FB15F4-6771-4BB3-85CC-306EC173CD62}.Release|Any CPU.Build.0 = Release|Any CPU
	EndGlobalSection
	GlobalSection(SolutionProperties) = preSolution
		HideSolutionNode = FALSE
	EndGlobalSection
	GlobalSection(ExtensibilityGlobals) = postSolution
		SolutionGuid = {AF3724B8-0087-4977-A32A-974444D8166D}
	EndGlobalSection
EndGlobal
